// !$*UTF8*$!
{
	archiveVersion = 1;
	classes = {
	};
	objectVersion = 50;
	objects = {

/* Begin PBXBuildFile section */
		C80AAAC3256525D400838C12 /* HTTPMethod.swift in Sources */ = {isa = PBXBuildFile; fileRef = C80AAAC2256525D400838C12 /* HTTPMethod.swift */; };
		C80AAAC72565334700838C12 /* Router.swift in Sources */ = {isa = PBXBuildFile; fileRef = C80AAAC62565334700838C12 /* Router.swift */; };
		C86AADFF255D3C9C00563857 /* HTTPClient.swift in Sources */ = {isa = PBXBuildFile; fileRef = C86AADFE255D3C9C00563857 /* HTTPClient.swift */; };
		C86AAE03255D3CE500563857 /* HTTPBody.swift in Sources */ = {isa = PBXBuildFile; fileRef = C86AAE02255D3CE500563857 /* HTTPBody.swift */; };
		C8F57FD525485F77004BF8DF /* RESTClient.framework in Frameworks */ = {isa = PBXBuildFile; fileRef = C8F57FCB25485F77004BF8DF /* RESTClient.framework */; };
		C8F57FDA25485F77004BF8DF /* RESTClientTests.swift in Sources */ = {isa = PBXBuildFile; fileRef = C8F57FD925485F77004BF8DF /* RESTClientTests.swift */; };
		C8F57FDC25485F77004BF8DF /* RESTClient.h in Headers */ = {isa = PBXBuildFile; fileRef = C8F57FCE25485F77004BF8DF /* RESTClient.h */; settings = {ATTRIBUTES = (Public, ); }; };
		C8F57FEA25485FF0004BF8DF /* RESTClient.swift in Sources */ = {isa = PBXBuildFile; fileRef = C8F57FE925485FF0004BF8DF /* RESTClient.swift */; };
		C8F57FEE254862D2004BF8DF /* RemoteResource.swift in Sources */ = {isa = PBXBuildFile; fileRef = C8F57FED254862D2004BF8DF /* RemoteResource.swift */; };
		C8F57FF2254865ED004BF8DF /* UniqueRemoteResource.swift in Sources */ = {isa = PBXBuildFile; fileRef = C8F57FF1254865ED004BF8DF /* UniqueRemoteResource.swift */; };
		C8F580082549C8F6004BF8DF /* Object.swift in Sources */ = {isa = PBXBuildFile; fileRef = C8F580072549C8F6004BF8DF /* Object.swift */; };
		C8F5800C2549C906004BF8DF /* NewObject.swift in Sources */ = {isa = PBXBuildFile; fileRef = C8F5800B2549C906004BF8DF /* NewObject.swift */; };
/* End PBXBuildFile section */

/* Begin PBXContainerItemProxy section */
		C8F57FD625485F77004BF8DF /* PBXContainerItemProxy */ = {
			isa = PBXContainerItemProxy;
			containerPortal = C8F57FC225485F77004BF8DF /* Project object */;
			proxyType = 1;
			remoteGlobalIDString = C8F57FCA25485F77004BF8DF;
			remoteInfo = RESTClient;
		};
/* End PBXContainerItemProxy section */

/* Begin PBXFileReference section */
		C80AAAC2256525D400838C12 /* HTTPMethod.swift */ = {isa = PBXFileReference; lastKnownFileType = sourcecode.swift; path = HTTPMethod.swift; sourceTree = "<group>"; };
		C80AAAC62565334700838C12 /* Router.swift */ = {isa = PBXFileReference; lastKnownFileType = sourcecode.swift; path = Router.swift; sourceTree = "<group>"; };
		C86AADFE255D3C9C00563857 /* HTTPClient.swift */ = {isa = PBXFileReference; lastKnownFileType = sourcecode.swift; path = HTTPClient.swift; sourceTree = "<group>"; };
		C86AAE02255D3CE500563857 /* HTTPBody.swift */ = {isa = PBXFileReference; lastKnownFileType = sourcecode.swift; path = HTTPBody.swift; sourceTree = "<group>"; };
		C8F57FCB25485F77004BF8DF /* RESTClient.framework */ = {isa = PBXFileReference; explicitFileType = wrapper.framework; includeInIndex = 0; path = RESTClient.framework; sourceTree = BUILT_PRODUCTS_DIR; };
		C8F57FCE25485F77004BF8DF /* RESTClient.h */ = {isa = PBXFileReference; lastKnownFileType = sourcecode.c.h; path = RESTClient.h; sourceTree = "<group>"; };
		C8F57FCF25485F77004BF8DF /* Info.plist */ = {isa = PBXFileReference; lastKnownFileType = text.plist.xml; path = Info.plist; sourceTree = "<group>"; };
		C8F57FD425485F77004BF8DF /* RESTClientTests.xctest */ = {isa = PBXFileReference; explicitFileType = wrapper.cfbundle; includeInIndex = 0; path = RESTClientTests.xctest; sourceTree = BUILT_PRODUCTS_DIR; };
		C8F57FD925485F77004BF8DF /* RESTClientTests.swift */ = {isa = PBXFileReference; lastKnownFileType = sourcecode.swift; path = RESTClientTests.swift; sourceTree = "<group>"; };
		C8F57FDB25485F77004BF8DF /* Info.plist */ = {isa = PBXFileReference; lastKnownFileType = text.plist.xml; path = Info.plist; sourceTree = "<group>"; };
		C8F57FE925485FF0004BF8DF /* RESTClient.swift */ = {isa = PBXFileReference; lastKnownFileType = sourcecode.swift; path = RESTClient.swift; sourceTree = "<group>"; };
		C8F57FED254862D2004BF8DF /* RemoteResource.swift */ = {isa = PBXFileReference; lastKnownFileType = sourcecode.swift; path = RemoteResource.swift; sourceTree = "<group>"; };
		C8F57FF1254865ED004BF8DF /* UniqueRemoteResource.swift */ = {isa = PBXFileReference; lastKnownFileType = sourcecode.swift; path = UniqueRemoteResource.swift; sourceTree = "<group>"; };
		C8F580072549C8F6004BF8DF /* Object.swift */ = {isa = PBXFileReference; lastKnownFileType = sourcecode.swift; path = Object.swift; sourceTree = "<group>"; };
		C8F5800B2549C906004BF8DF /* NewObject.swift */ = {isa = PBXFileReference; lastKnownFileType = sourcecode.swift; path = NewObject.swift; sourceTree = "<group>"; };
/* End PBXFileReference section */

/* Begin PBXFrameworksBuildPhase section */
		C8F57FC825485F77004BF8DF /* Frameworks */ = {
			isa = PBXFrameworksBuildPhase;
			buildActionMask = 2147483647;
			files = (
			);
			runOnlyForDeploymentPostprocessing = 0;
		};
		C8F57FD125485F77004BF8DF /* Frameworks */ = {
			isa = PBXFrameworksBuildPhase;
			buildActionMask = 2147483647;
			files = (
				C8F57FD525485F77004BF8DF /* RESTClient.framework in Frameworks */,
			);
			runOnlyForDeploymentPostprocessing = 0;
		};
/* End PBXFrameworksBuildPhase section */

/* Begin PBXGroup section */
		C8F57FC125485F77004BF8DF = {
			isa = PBXGroup;
			children = (
				C8F57FCD25485F77004BF8DF /* RESTClient */,
				C8F57FD825485F77004BF8DF /* RESTClientTests */,
				C8F57FCC25485F77004BF8DF /* Products */,
			);
			sourceTree = "<group>";
		};
		C8F57FCC25485F77004BF8DF /* Products */ = {
			isa = PBXGroup;
			children = (
				C8F57FCB25485F77004BF8DF /* RESTClient.framework */,
				C8F57FD425485F77004BF8DF /* RESTClientTests.xctest */,
			);
			name = Products;
			sourceTree = "<group>";
		};
		C8F57FCD25485F77004BF8DF /* RESTClient */ = {
			isa = PBXGroup;
			children = (
				C8F57FCE25485F77004BF8DF /* RESTClient.h */,
				C8F57FCF25485F77004BF8DF /* Info.plist */,
				C80AAAC2256525D400838C12 /* HTTPMethod.swift */,
				C86AAE02255D3CE500563857 /* HTTPBody.swift */,
				C86AADFE255D3C9C00563857 /* HTTPClient.swift */,
				C80AAAC62565334700838C12 /* Router.swift */,
				C8F57FED254862D2004BF8DF /* RemoteResource.swift */,
				C8F57FF1254865ED004BF8DF /* UniqueRemoteResource.swift */,
				C8F57FE925485FF0004BF8DF /* RESTClient.swift */,
			);
			path = RESTClient;
			sourceTree = "<group>";
		};
		C8F57FD825485F77004BF8DF /* RESTClientTests */ = {
			isa = PBXGroup;
			children = (
				C8F580072549C8F6004BF8DF /* Object.swift */,
				C8F5800B2549C906004BF8DF /* NewObject.swift */,
				C8F57FD925485F77004BF8DF /* RESTClientTests.swift */,
				C8F57FDB25485F77004BF8DF /* Info.plist */,
			);
			path = RESTClientTests;
			sourceTree = "<group>";
		};
/* End PBXGroup section */

/* Begin PBXHeadersBuildPhase section */
		C8F57FC625485F77004BF8DF /* Headers */ = {
			isa = PBXHeadersBuildPhase;
			buildActionMask = 2147483647;
			files = (
				C8F57FDC25485F77004BF8DF /* RESTClient.h in Headers */,
			);
			runOnlyForDeploymentPostprocessing = 0;
		};
/* End PBXHeadersBuildPhase section */

/* Begin PBXNativeTarget section */
		C8F57FCA25485F77004BF8DF /* RESTClient */ = {
			isa = PBXNativeTarget;
			buildConfigurationList = C8F57FDF25485F77004BF8DF /* Build configuration list for PBXNativeTarget "RESTClient" */;
			buildPhases = (
				C8F57FC625485F77004BF8DF /* Headers */,
				C8F57FC725485F77004BF8DF /* Sources */,
				C8F57FC825485F77004BF8DF /* Frameworks */,
				C8F57FC925485F77004BF8DF /* Resources */,
			);
			buildRules = (
			);
			dependencies = (
			);
			name = RESTClient;
			productName = RESTClient;
			productReference = C8F57FCB25485F77004BF8DF /* RESTClient.framework */;
			productType = "com.apple.product-type.framework";
		};
		C8F57FD325485F77004BF8DF /* RESTClientTests */ = {
			isa = PBXNativeTarget;
			buildConfigurationList = C8F57FE225485F77004BF8DF /* Build configuration list for PBXNativeTarget "RESTClientTests" */;
			buildPhases = (
				C8F57FD025485F77004BF8DF /* Sources */,
				C8F57FD125485F77004BF8DF /* Frameworks */,
				C8F57FD225485F77004BF8DF /* Resources */,
			);
			buildRules = (
			);
			dependencies = (
				C8F57FD725485F77004BF8DF /* PBXTargetDependency */,
			);
			name = RESTClientTests;
			productName = RESTClientTests;
			productReference = C8F57FD425485F77004BF8DF /* RESTClientTests.xctest */;
			productType = "com.apple.product-type.bundle.unit-test";
		};
/* End PBXNativeTarget section */

/* Begin PBXProject section */
		C8F57FC225485F77004BF8DF /* Project object */ = {
			isa = PBXProject;
			attributes = {
				LastSwiftUpdateCheck = 1210;
				LastUpgradeCheck = 1210;
				TargetAttributes = {
					C8F57FCA25485F77004BF8DF = {
						CreatedOnToolsVersion = 12.1;
						LastSwiftMigration = 1210;
					};
					C8F57FD325485F77004BF8DF = {
						CreatedOnToolsVersion = 12.1;
					};
				};
			};
			buildConfigurationList = C8F57FC525485F77004BF8DF /* Build configuration list for PBXProject "RESTClient" */;
			compatibilityVersion = "Xcode 9.3";
			developmentRegion = en;
			hasScannedForEncodings = 0;
			knownRegions = (
				en,
				Base,
			);
			mainGroup = C8F57FC125485F77004BF8DF;
			productRefGroup = C8F57FCC25485F77004BF8DF /* Products */;
			projectDirPath = "";
			projectRoot = "";
			targets = (
				C8F57FCA25485F77004BF8DF /* RESTClient */,
				C8F57FD325485F77004BF8DF /* RESTClientTests */,
			);
		};
/* End PBXProject section */

/* Begin PBXResourcesBuildPhase section */
		C8F57FC925485F77004BF8DF /* Resources */ = {
			isa = PBXResourcesBuildPhase;
			buildActionMask = 2147483647;
			files = (
			);
			runOnlyForDeploymentPostprocessing = 0;
		};
		C8F57FD225485F77004BF8DF /* Resources */ = {
			isa = PBXResourcesBuildPhase;
			buildActionMask = 2147483647;
			files = (
			);
			runOnlyForDeploymentPostprocessing = 0;
		};
/* End PBXResourcesBuildPhase section */

/* Begin PBXSourcesBuildPhase section */
		C8F57FC725485F77004BF8DF /* Sources */ = {
			isa = PBXSourcesBuildPhase;
			buildActionMask = 2147483647;
			files = (
				C8F57FF2254865ED004BF8DF /* UniqueRemoteResource.swift in Sources */,
				C8F57FEA25485FF0004BF8DF /* RESTClient.swift in Sources */,
				C80AAAC3256525D400838C12 /* HTTPMethod.swift in Sources */,
				C80AAAC72565334700838C12 /* Router.swift in Sources */,
				C86AADFF255D3C9C00563857 /* HTTPClient.swift in Sources */,
				C8F57FEE254862D2004BF8DF /* RemoteResource.swift in Sources */,
				C86AAE03255D3CE500563857 /* HTTPBody.swift in Sources */,
			);
			runOnlyForDeploymentPostprocessing = 0;
		};
		C8F57FD025485F77004BF8DF /* Sources */ = {
			isa = PBXSourcesBuildPhase;
			buildActionMask = 2147483647;
			files = (
				C8F580082549C8F6004BF8DF /* Object.swift in Sources */,
				C8F57FDA25485F77004BF8DF /* RESTClientTests.swift in Sources */,
				C8F5800C2549C906004BF8DF /* NewObject.swift in Sources */,
			);
			runOnlyForDeploymentPostprocessing = 0;
		};
/* End PBXSourcesBuildPhase section */

/* Begin PBXTargetDependency section */
		C8F57FD725485F77004BF8DF /* PBXTargetDependency */ = {
			isa = PBXTargetDependency;
			target = C8F57FCA25485F77004BF8DF /* RESTClient */;
			targetProxy = C8F57FD625485F77004BF8DF /* PBXContainerItemProxy */;
		};
/* End PBXTargetDependency section */

/* Begin XCBuildConfiguration section */
		C8F57FDD25485F77004BF8DF /* Debug */ = {
			isa = XCBuildConfiguration;
			buildSettings = {
				ALWAYS_SEARCH_USER_PATHS = NO;
				CLANG_ANALYZER_NONNULL = YES;
				CLANG_ANALYZER_NUMBER_OBJECT_CONVERSION = YES_AGGRESSIVE;
				CLANG_CXX_LANGUAGE_STANDARD = "gnu++14";
				CLANG_CXX_LIBRARY = "libc++";
				CLANG_ENABLE_MODULES = YES;
				CLANG_ENABLE_OBJC_ARC = YES;
				CLANG_ENABLE_OBJC_WEAK = YES;
				CLANG_WARN_BLOCK_CAPTURE_AUTORELEASING = YES;
				CLANG_WARN_BOOL_CONVERSION = YES;
				CLANG_WARN_COMMA = YES;
				CLANG_WARN_CONSTANT_CONVERSION = YES;
				CLANG_WARN_DEPRECATED_OBJC_IMPLEMENTATIONS = YES;
				CLANG_WARN_DIRECT_OBJC_ISA_USAGE = YES_ERROR;
				CLANG_WARN_DOCUMENTATION_COMMENTS = YES;
				CLANG_WARN_EMPTY_BODY = YES;
				CLANG_WARN_ENUM_CONVERSION = YES;
				CLANG_WARN_INFINITE_RECURSION = YES;
				CLANG_WARN_INT_CONVERSION = YES;
				CLANG_WARN_NON_LITERAL_NULL_CONVERSION = YES;
				CLANG_WARN_OBJC_IMPLICIT_RETAIN_SELF = YES;
				CLANG_WARN_OBJC_LITERAL_CONVERSION = YES;
				CLANG_WARN_OBJC_ROOT_CLASS = YES_ERROR;
				CLANG_WARN_QUOTED_INCLUDE_IN_FRAMEWORK_HEADER = YES;
				CLANG_WARN_RANGE_LOOP_ANALYSIS = YES;
				CLANG_WARN_STRICT_PROTOTYPES = YES;
				CLANG_WARN_SUSPICIOUS_MOVE = YES;
				CLANG_WARN_UNGUARDED_AVAILABILITY = YES_AGGRESSIVE;
				CLANG_WARN_UNREACHABLE_CODE = YES;
				CLANG_WARN__DUPLICATE_METHOD_MATCH = YES;
				COPY_PHASE_STRIP = NO;
				CURRENT_PROJECT_VERSION = 1;
				DEBUG_INFORMATION_FORMAT = dwarf;
				ENABLE_STRICT_OBJC_MSGSEND = YES;
				ENABLE_TESTABILITY = YES;
				GCC_C_LANGUAGE_STANDARD = gnu11;
				GCC_DYNAMIC_NO_PIC = NO;
				GCC_NO_COMMON_BLOCKS = YES;
				GCC_OPTIMIZATION_LEVEL = 0;
				GCC_PREPROCESSOR_DEFINITIONS = (
					"DEBUG=1",
					"$(inherited)",
				);
				GCC_WARN_64_TO_32_BIT_CONVERSION = YES;
				GCC_WARN_ABOUT_RETURN_TYPE = YES_ERROR;
				GCC_WARN_UNDECLARED_SELECTOR = YES;
				GCC_WARN_UNINITIALIZED_AUTOS = YES_AGGRESSIVE;
				GCC_WARN_UNUSED_FUNCTION = YES;
				GCC_WARN_UNUSED_VARIABLE = YES;
				IPHONEOS_DEPLOYMENT_TARGET = 14.1;
				MTL_ENABLE_DEBUG_INFO = INCLUDE_SOURCE;
				MTL_FAST_MATH = YES;
				ONLY_ACTIVE_ARCH = YES;
				SDKROOT = iphoneos;
				SWIFT_ACTIVE_COMPILATION_CONDITIONS = DEBUG;
				SWIFT_OPTIMIZATION_LEVEL = "-Onone";
				VERSIONING_SYSTEM = "apple-generic";
				VERSION_INFO_PREFIX = "";
			};
			name = Debug;
		};
		C8F57FDE25485F77004BF8DF /* Release */ = {
			isa = XCBuildConfiguration;
			buildSettings = {
				ALWAYS_SEARCH_USER_PATHS = NO;
				CLANG_ANALYZER_NONNULL = YES;
				CLANG_ANALYZER_NUMBER_OBJECT_CONVERSION = YES_AGGRESSIVE;
				CLANG_CXX_LANGUAGE_STANDARD = "gnu++14";
				CLANG_CXX_LIBRARY = "libc++";
				CLANG_ENABLE_MODULES = YES;
				CLANG_ENABLE_OBJC_ARC = YES;
				CLANG_ENABLE_OBJC_WEAK = YES;
				CLANG_WARN_BLOCK_CAPTURE_AUTORELEASING = YES;
				CLANG_WARN_BOOL_CONVERSION = YES;
				CLANG_WARN_COMMA = YES;
				CLANG_WARN_CONSTANT_CONVERSION = YES;
				CLANG_WARN_DEPRECATED_OBJC_IMPLEMENTATIONS = YES;
				CLANG_WARN_DIRECT_OBJC_ISA_USAGE = YES_ERROR;
				CLANG_WARN_DOCUMENTATION_COMMENTS = YES;
				CLANG_WARN_EMPTY_BODY = YES;
				CLANG_WARN_ENUM_CONVERSION = YES;
				CLANG_WARN_INFINITE_RECURSION = YES;
				CLANG_WARN_INT_CONVERSION = YES;
				CLANG_WARN_NON_LITERAL_NULL_CONVERSION = YES;
				CLANG_WARN_OBJC_IMPLICIT_RETAIN_SELF = YES;
				CLANG_WARN_OBJC_LITERAL_CONVERSION = YES;
				CLANG_WARN_OBJC_ROOT_CLASS = YES_ERROR;
				CLANG_WARN_QUOTED_INCLUDE_IN_FRAMEWORK_HEADER = YES;
				CLANG_WARN_RANGE_LOOP_ANALYSIS = YES;
				CLANG_WARN_STRICT_PROTOTYPES = YES;
				CLANG_WARN_SUSPICIOUS_MOVE = YES;
				CLANG_WARN_UNGUARDED_AVAILABILITY = YES_AGGRESSIVE;
				CLANG_WARN_UNREACHABLE_CODE = YES;
				CLANG_WARN__DUPLICATE_METHOD_MATCH = YES;
				COPY_PHASE_STRIP = NO;
				CURRENT_PROJECT_VERSION = 1;
				DEBUG_INFORMATION_FORMAT = "dwarf-with-dsym";
				ENABLE_NS_ASSERTIONS = NO;
				ENABLE_STRICT_OBJC_MSGSEND = YES;
				GCC_C_LANGUAGE_STANDARD = gnu11;
				GCC_NO_COMMON_BLOCKS = YES;
				GCC_WARN_64_TO_32_BIT_CONVERSION = YES;
				GCC_WARN_ABOUT_RETURN_TYPE = YES_ERROR;
				GCC_WARN_UNDECLARED_SELECTOR = YES;
				GCC_WARN_UNINITIALIZED_AUTOS = YES_AGGRESSIVE;
				GCC_WARN_UNUSED_FUNCTION = YES;
				GCC_WARN_UNUSED_VARIABLE = YES;
				IPHONEOS_DEPLOYMENT_TARGET = 14.1;
				MTL_ENABLE_DEBUG_INFO = NO;
				MTL_FAST_MATH = YES;
				SDKROOT = iphoneos;
				SWIFT_COMPILATION_MODE = wholemodule;
				SWIFT_OPTIMIZATION_LEVEL = "-O";
				VALIDATE_PRODUCT = YES;
				VERSIONING_SYSTEM = "apple-generic";
				VERSION_INFO_PREFIX = "";
			};
			name = Release;
		};
		C8F57FE025485F77004BF8DF /* Debug */ = {
			isa = XCBuildConfiguration;
			buildSettings = {
				CLANG_ENABLE_MODULES = YES;
				CODE_SIGN_STYLE = Automatic;
				DEFINES_MODULE = YES;
				DEVELOPMENT_TEAM = FS696NSBK7;
				DYLIB_COMPATIBILITY_VERSION = 1;
				DYLIB_CURRENT_VERSION = 1;
				DYLIB_INSTALL_NAME_BASE = "@rpath";
				INFOPLIST_FILE = RESTClient/Info.plist;
				INSTALL_PATH = "$(LOCAL_LIBRARY_DIR)/Frameworks";
				LD_RUNPATH_SEARCH_PATHS = (
					"$(inherited)",
					"@executable_path/Frameworks",
					"@loader_path/Frameworks",
				);
				PRODUCT_BUNDLE_IDENTIFIER = com.emiliopelaez.RESTClient;
				PRODUCT_NAME = "$(TARGET_NAME:c99extidentifier)";
				SKIP_INSTALL = YES;
				SWIFT_OPTIMIZATION_LEVEL = "-Onone";
				SWIFT_VERSION = 5.0;
				TARGETED_DEVICE_FAMILY = "1,2";
			};
			name = Debug;
		};
		C8F57FE125485F77004BF8DF /* Release */ = {
			isa = XCBuildConfiguration;
			buildSettings = {
				CLANG_ENABLE_MODULES = YES;
				CODE_SIGN_STYLE = Automatic;
				DEFINES_MODULE = YES;
				DEVELOPMENT_TEAM = FS696NSBK7;
				DYLIB_COMPATIBILITY_VERSION = 1;
				DYLIB_CURRENT_VERSION = 1;
				DYLIB_INSTALL_NAME_BASE = "@rpath";
				INFOPLIST_FILE = RESTClient/Info.plist;
				INSTALL_PATH = "$(LOCAL_LIBRARY_DIR)/Frameworks";
				LD_RUNPATH_SEARCH_PATHS = (
					"$(inherited)",
					"@executable_path/Frameworks",
					"@loader_path/Frameworks",
				);
				PRODUCT_BUNDLE_IDENTIFIER = com.emiliopelaez.RESTClient;
				PRODUCT_NAME = "$(TARGET_NAME:c99extidentifier)";
				SKIP_INSTALL = YES;
				SWIFT_VERSION = 5.0;
				TARGETED_DEVICE_FAMILY = "1,2";
			};
			name = Release;
		};
		C8F57FE325485F77004BF8DF /* Debug */ = {
			isa = XCBuildConfiguration;
			buildSettings = {
				ALWAYS_EMBED_SWIFT_STANDARD_LIBRARIES = YES;
				CODE_SIGN_STYLE = Automatic;
				DEVELOPMENT_TEAM = FS696NSBK7;
				INFOPLIST_FILE = RESTClientTests/Info.plist;
				LD_RUNPATH_SEARCH_PATHS = (
					"$(inherited)",
					"@executable_path/Frameworks",
					"@loader_path/Frameworks",
				);
				PRODUCT_BUNDLE_IDENTIFIER = com.emiliopelaez.RESTClientTests;
				PRODUCT_NAME = "$(TARGET_NAME)";
				SWIFT_VERSION = 5.0;
				TARGETED_DEVICE_FAMILY = "1,2";
			};
			name = Debug;
		};
		C8F57FE425485F77004BF8DF /* Release */ = {
			isa = XCBuildConfiguration;
			buildSettings = {
				ALWAYS_EMBED_SWIFT_STANDARD_LIBRARIES = YES;
				CODE_SIGN_STYLE = Automatic;
				DEVELOPMENT_TEAM = FS696NSBK7;
				INFOPLIST_FILE = RESTClientTests/Info.plist;
				LD_RUNPATH_SEARCH_PATHS = (
					"$(inherited)",
					"@executable_path/Frameworks",
					"@loader_path/Frameworks",
				);
				PRODUCT_BUNDLE_IDENTIFIER = com.emiliopelaez.RESTClientTests;
				PRODUCT_NAME = "$(TARGET_NAME)";
				SWIFT_VERSION = 5.0;
				TARGETED_DEVICE_FAMILY = "1,2";
			};
			name = Release;
		};
/* End XCBuildConfiguration section */

/* Begin XCConfigurationList section */
		C8F57FC525485F77004BF8DF /* Build configuration list for PBXProject "RESTClient" */ = {
			isa = XCConfigurationList;
			buildConfigurations = (
				C8F57FDD25485F77004BF8DF /* Debug */,
				C8F57FDE25485F77004BF8DF /* Release */,
			);
			defaultConfigurationIsVisible = 0;
			defaultConfigurationName = Release;
		};
		C8F57FDF25485F77004BF8DF /* Build configuration list for PBXNativeTarget "RESTClient" */ = {
			isa = XCConfigurationList;
			buildConfigurations = (
				C8F57FE025485F77004BF8DF /* Debug */,
				C8F57FE125485F77004BF8DF /* Release */,
			);
			defaultConfigurationIsVisible = 0;
			defaultConfigurationName = Release;
		};
		C8F57FE225485F77004BF8DF /* Build configuration list for PBXNativeTarget "RESTClientTests" */ = {
			isa = XCConfigurationList;
			buildConfigurations = (
				C8F57FE325485F77004BF8DF /* Debug */,
				C8F57FE425485F77004BF8DF /* Release */,
			);
			defaultConfigurationIsVisible = 0;
			defaultConfigurationName = Release;
		};
/* End XCConfigurationList section */
	};
	rootObject = C8F57FC225485F77004BF8DF /* Project object */;
}
